# This file is autogenerated, do not edit; changes may be undone by the next 'dep ensure'.


[[projects]]
  name = "github.com/marcaudefroy/projectB"
  packages = ["models"]
  revision = "0f654b821004ab03f58a5d5558a1c81dbd9715d7"
  version = "v1.1"

[[projects]]
  name = "github.com/marcaudefroy/projectC"
  packages = ["models"]
  revision = "f577b6ab081e4de97b4e241ee7d4efa7036717e7"
  version = "v1.0"

[solve-meta]
  analyzer-name = "dep"
  analyzer-version = 1
  inputs-digest = "41f2580c280e8674aedc49572b2b80cd5afebf45453d490e2cd13386c667e2de"
  solver-name = "gps-cdcl"
  solver-version = 1
